// !$*UTF8*$!
{
	archiveVersion = 1;
	classes = {
	};
	objectVersion = 46;
	objects = {

/* Begin PBXBuildFile section */
		041DCBCF1C69F6130046FDD0 /* ProfileDetailViewController.m in Sources */ = {isa = PBXBuildFile; fileRef = 041DCBCD1C69F6130046FDD0 /* ProfileDetailViewController.m */; };
		041DCBD01C69F6130046FDD0 /* ProfileDetailViewController.xib in Resources */ = {isa = PBXBuildFile; fileRef = 041DCBCE1C69F6130046FDD0 /* ProfileDetailViewController.xib */; };
		045FFB3C1C3B710100F7B791 /* main.m in Sources */ = {isa = PBXBuildFile; fileRef = 045FFB3B1C3B710100F7B791 /* main.m */; };
		045FFB3F1C3B710100F7B791 /* AppDelegate.m in Sources */ = {isa = PBXBuildFile; fileRef = 045FFB3E1C3B710100F7B791 /* AppDelegate.m */; };
		045FFB421C3B710100F7B791 /* ViewController.m in Sources */ = {isa = PBXBuildFile; fileRef = 045FFB411C3B710100F7B791 /* ViewController.m */; };
		045FFB451C3B710100F7B791 /* Main.storyboard in Resources */ = {isa = PBXBuildFile; fileRef = 045FFB431C3B710100F7B791 /* Main.storyboard */; };
		045FFB481C3B710100F7B791 /* TrueLoveFinder.xcdatamodeld in Sources */ = {isa = PBXBuildFile; fileRef = 045FFB461C3B710100F7B791 /* TrueLoveFinder.xcdatamodeld */; };
		045FFB4A1C3B710100F7B791 /* Assets.xcassets in Resources */ = {isa = PBXBuildFile; fileRef = 045FFB491C3B710100F7B791 /* Assets.xcassets */; };
		045FFB4D1C3B710100F7B791 /* LaunchScreen.storyboard in Resources */ = {isa = PBXBuildFile; fileRef = 045FFB4B1C3B710100F7B791 /* LaunchScreen.storyboard */; };
		045FFB581C3B710100F7B791 /* TrueLoveFinderTests.m in Sources */ = {isa = PBXBuildFile; fileRef = 045FFB571C3B710100F7B791 /* TrueLoveFinderTests.m */; };
		045FFB631C3B710200F7B791 /* TrueLoveFinderUITests.m in Sources */ = {isa = PBXBuildFile; fileRef = 045FFB621C3B710200F7B791 /* TrueLoveFinderUITests.m */; };
		045FFB861C3B811D00F7B791 /* DefaultDirectionInterpretor.m in Sources */ = {isa = PBXBuildFile; fileRef = 045FFB731C3B811D00F7B791 /* DefaultDirectionInterpretor.m */; };
		045FFB871C3B811D00F7B791 /* DefaultShouldSwipeDeterminator.m in Sources */ = {isa = PBXBuildFile; fileRef = 045FFB751C3B811D00F7B791 /* DefaultShouldSwipeDeterminator.m */; };
		045FFB881C3B811D00F7B791 /* DefaultViewAnimator.m in Sources */ = {isa = PBXBuildFile; fileRef = 045FFB771C3B811D00F7B791 /* DefaultViewAnimator.m */; };
		045FFB891C3B811D00F7B791 /* PanGestureRecognizer.m in Sources */ = {isa = PBXBuildFile; fileRef = 045FFB791C3B811D00F7B791 /* PanGestureRecognizer.m */; };
		045FFB8A1C3B811D00F7B791 /* Scheduler.m in Sources */ = {isa = PBXBuildFile; fileRef = 045FFB7B1C3B811D00F7B791 /* Scheduler.m */; };
		045FFB8B1C3B811D00F7B791 /* Utils.m in Sources */ = {isa = PBXBuildFile; fileRef = 045FFB7D1C3B811D00F7B791 /* Utils.m */; };
		045FFB8C1C3B811D00F7B791 /* ViewManager.m in Sources */ = {isa = PBXBuildFile; fileRef = 045FFB7F1C3B811D00F7B791 /* ViewManager.m */; };
		045FFB8D1C3B811D00F7B791 /* ZLSwipeableView.m in Sources */ = {isa = PBXBuildFile; fileRef = 045FFB811C3B811D00F7B791 /* ZLSwipeableView.m */; };
		045FFB8E1C3B811D00F7B791 /* ZLSwipeableViewMovement.m in Sources */ = {isa = PBXBuildFile; fileRef = 045FFB831C3B811D00F7B791 /* ZLSwipeableViewMovement.m */; };
		045FFB8F1C3B811D00F7B791 /* ZLSwipeableViewSwipeOptions.m in Sources */ = {isa = PBXBuildFile; fileRef = 045FFB851C3B811D00F7B791 /* ZLSwipeableViewSwipeOptions.m */; };
		045FFB941C3B8B2D00F7B791 /* CardView.m in Sources */ = {isa = PBXBuildFile; fileRef = 045FFB931C3B8B2D00F7B791 /* CardView.m */; };
		045FFB971C3BABC700F7B791 /* Person.m in Sources */ = {isa = PBXBuildFile; fileRef = 045FFB961C3BABC700F7B791 /* Person.m */; };
		049824171C5BCC5500E67EEB /* ListPersonTableViewCell.m in Sources */ = {isa = PBXBuildFile; fileRef = 049824151C5BCC5500E67EEB /* ListPersonTableViewCell.m */; };
		049824181C5BCC5500E67EEB /* ListPersonTableViewCell.xib in Resources */ = {isa = PBXBuildFile; fileRef = 049824161C5BCC5500E67EEB /* ListPersonTableViewCell.xib */; };
		0498241F1C5C0AD000E67EEB /* ChatViewController.m in Sources */ = {isa = PBXBuildFile; fileRef = 0498241D1C5C0AD000E67EEB /* ChatViewController.m */; };
		049824201C5C0AD000E67EEB /* ChatViewController.xib in Resources */ = {isa = PBXBuildFile; fileRef = 0498241E1C5C0AD000E67EEB /* ChatViewController.xib */; };
		04EFF80E1C578377006B4CCF /* MCNewCustomLayer.m in Sources */ = {isa = PBXBuildFile; fileRef = 04EFF8041C578377006B4CCF /* MCNewCustomLayer.m */; };
		04EFF80F1C578377006B4CCF /* MCNewCustomLayeredView.m in Sources */ = {isa = PBXBuildFile; fileRef = 04EFF8061C578377006B4CCF /* MCNewCustomLayeredView.m */; };
		04EFF8101C578377006B4CCF /* MCPercentageDoughnutView.m in Sources */ = {isa = PBXBuildFile; fileRef = 04EFF8091C578377006B4CCF /* MCPercentageDoughnutView.m */; };
		04EFF8111C578377006B4CCF /* MCSliceLayer.m in Sources */ = {isa = PBXBuildFile; fileRef = 04EFF80B1C578377006B4CCF /* MCSliceLayer.m */; };
		04EFF8121C578377006B4CCF /* MCUtil.m in Sources */ = {isa = PBXBuildFile; fileRef = 04EFF80D1C578377006B4CCF /* MCUtil.m */; };
		04EFF8151C58835E006B4CCF /* ListPersonViewController.m in Sources */ = {isa = PBXBuildFile; fileRef = 04EFF8141C58835E006B4CCF /* ListPersonViewController.m */; };
		04EFF8631C5A281C006B4CCF /* SVN-Haptic Script.otf in Resources */ = {isa = PBXBuildFile; fileRef = 04EFF8621C5A27F6006B4CCF /* SVN-Haptic Script.otf */; };
		04EFF8651C5A295D006B4CCF /* chat-icon.png in Resources */ = {isa = PBXBuildFile; fileRef = 04EFF8641C5A295D006B4CCF /* chat-icon.png */; };
		04EFF8671C5A2A75006B4CCF /* setting-icon.png in Resources */ = {isa = PBXBuildFile; fileRef = 04EFF8661C5A2A75006B4CCF /* setting-icon.png */; };
		04EFF8691C5B1F0F006B4CCF /* midu.jpg in Resources */ = {isa = PBXBuildFile; fileRef = 04EFF8681C5B1F0F006B4CCF /* midu.jpg */; };
		04EFF86B1C5B2047006B4CCF /* huyenmy.jpg in Resources */ = {isa = PBXBuildFile; fileRef = 04EFF86A1C5B2047006B4CCF /* huyenmy.jpg */; };
		04EFF86D1C5B2095006B4CCF /* hami.jpg in Resources */ = {isa = PBXBuildFile; fileRef = 04EFF86C1C5B2095006B4CCF /* hami.jpg */; };
		04FCE4231CABB55B002E381C /* SettingSpotyViewController.m in Sources */ = {isa = PBXBuildFile; fileRef = 04FCE4221CABB55B002E381C /* SettingSpotyViewController.m */; };
		04FCE4301CABBB62002E381C /* UIImage+ImageEffects.m in Sources */ = {isa = PBXBuildFile; fileRef = 04FCE4271CABBB62002E381C /* UIImage+ImageEffects.m */; };
		04FCE4311CABBB62002E381C /* UIImageView+LBBlurredImage.m in Sources */ = {isa = PBXBuildFile; fileRef = 04FCE4291CABBB62002E381C /* UIImageView+LBBlurredImage.m */; };
		04FCE4321CABBB62002E381C /* MGSpotyView.m in Sources */ = {isa = PBXBuildFile; fileRef = 04FCE42B1CABBB62002E381C /* MGSpotyView.m */; };
		04FCE4331CABBB62002E381C /* MGSpotyViewController.m in Sources */ = {isa = PBXBuildFile; fileRef = 04FCE42D1CABBB62002E381C /* MGSpotyViewController.m */; };
		04FCE4391CABBBDA002E381C /* MGViewControllerDataSource.m in Sources */ = {isa = PBXBuildFile; fileRef = 04FCE4361CABBBDA002E381C /* MGViewControllerDataSource.m */; };
		04FCE43A1CABBBDA002E381C /* MGViewControllerDelegate.m in Sources */ = {isa = PBXBuildFile; fileRef = 04FCE4381CABBBDA002E381C /* MGViewControllerDelegate.m */; };
		04FCE4401CABE55F002E381C /* SettingViewController.m in Sources */ = {isa = PBXBuildFile; fileRef = 04FCE43F1CABE55F002E381C /* SettingViewController.m */; };
/* End PBXBuildFile section */

/* Begin PBXContainerItemProxy section */
		045FFB541C3B710100F7B791 /* PBXContainerItemProxy */ = {
			isa = PBXContainerItemProxy;
			containerPortal = 045FFB2F1C3B710000F7B791 /* Project object */;
			proxyType = 1;
			remoteGlobalIDString = 045FFB361C3B710000F7B791;
			remoteInfo = TrueLoveFinder;
		};
		045FFB5F1C3B710100F7B791 /* PBXContainerItemProxy */ = {
			isa = PBXContainerItemProxy;
			containerPortal = 045FFB2F1C3B710000F7B791 /* Project object */;
			proxyType = 1;
			remoteGlobalIDString = 045FFB361C3B710000F7B791;
			remoteInfo = TrueLoveFinder;
		};
/* End PBXContainerItemProxy section */

/* Begin PBXFileReference section */
		041DCBCC1C69F6130046FDD0 /* ProfileDetailViewController.h */ = {isa = PBXFileReference; fileEncoding = 4; lastKnownFileType = sourcecode.c.h; path = ProfileDetailViewController.h; sourceTree = "<group>"; };
		041DCBCD1C69F6130046FDD0 /* ProfileDetailViewController.m */ = {isa = PBXFileReference; fileEncoding = 4; lastKnownFileType = sourcecode.c.objc; path = ProfileDetailViewController.m; sourceTree = "<group>"; };
		041DCBCE1C69F6130046FDD0 /* ProfileDetailViewController.xib */ = {isa = PBXFileReference; fileEncoding = 4; lastKnownFileType = file.xib; path = ProfileDetailViewController.xib; sourceTree = "<group>"; };
		045FFB371C3B710000F7B791 /* TrueLoveFinder.app */ = {isa = PBXFileReference; explicitFileType = wrapper.application; includeInIndex = 0; path = TrueLoveFinder.app; sourceTree = BUILT_PRODUCTS_DIR; };
		045FFB3B1C3B710100F7B791 /* main.m */ = {isa = PBXFileReference; lastKnownFileType = sourcecode.c.objc; path = main.m; sourceTree = "<group>"; };
		045FFB3D1C3B710100F7B791 /* AppDelegate.h */ = {isa = PBXFileReference; lastKnownFileType = sourcecode.c.h; path = AppDelegate.h; sourceTree = "<group>"; };
		045FFB3E1C3B710100F7B791 /* AppDelegate.m */ = {isa = PBXFileReference; lastKnownFileType = sourcecode.c.objc; path = AppDelegate.m; sourceTree = "<group>"; };
		045FFB401C3B710100F7B791 /* ViewController.h */ = {isa = PBXFileReference; lastKnownFileType = sourcecode.c.h; path = ViewController.h; sourceTree = "<group>"; };
		045FFB411C3B710100F7B791 /* ViewController.m */ = {isa = PBXFileReference; lastKnownFileType = sourcecode.c.objc; path = ViewController.m; sourceTree = "<group>"; };
		045FFB441C3B710100F7B791 /* Base */ = {isa = PBXFileReference; lastKnownFileType = file.storyboard; name = Base; path = Base.lproj/Main.storyboard; sourceTree = "<group>"; };
		045FFB471C3B710100F7B791 /* TrueLoveFinder.xcdatamodel */ = {isa = PBXFileReference; lastKnownFileType = wrapper.xcdatamodel; path = TrueLoveFinder.xcdatamodel; sourceTree = "<group>"; };
		045FFB491C3B710100F7B791 /* Assets.xcassets */ = {isa = PBXFileReference; lastKnownFileType = folder.assetcatalog; path = Assets.xcassets; sourceTree = "<group>"; };
		045FFB4C1C3B710100F7B791 /* Base */ = {isa = PBXFileReference; lastKnownFileType = file.storyboard; name = Base; path = Base.lproj/LaunchScreen.storyboard; sourceTree = "<group>"; };
		045FFB4E1C3B710100F7B791 /* Info.plist */ = {isa = PBXFileReference; lastKnownFileType = text.plist.xml; path = Info.plist; sourceTree = "<group>"; };
		045FFB531C3B710100F7B791 /* TrueLoveFinderTests.xctest */ = {isa = PBXFileReference; explicitFileType = wrapper.cfbundle; includeInIndex = 0; path = TrueLoveFinderTests.xctest; sourceTree = BUILT_PRODUCTS_DIR; };
		045FFB571C3B710100F7B791 /* TrueLoveFinderTests.m */ = {isa = PBXFileReference; lastKnownFileType = sourcecode.c.objc; path = TrueLoveFinderTests.m; sourceTree = "<group>"; };
		045FFB591C3B710100F7B791 /* Info.plist */ = {isa = PBXFileReference; lastKnownFileType = text.plist.xml; path = Info.plist; sourceTree = "<group>"; };
		045FFB5E1C3B710100F7B791 /* TrueLoveFinderUITests.xctest */ = {isa = PBXFileReference; explicitFileType = wrapper.cfbundle; includeInIndex = 0; path = TrueLoveFinderUITests.xctest; sourceTree = BUILT_PRODUCTS_DIR; };
		045FFB621C3B710200F7B791 /* TrueLoveFinderUITests.m */ = {isa = PBXFileReference; lastKnownFileType = sourcecode.c.objc; path = TrueLoveFinderUITests.m; sourceTree = "<group>"; };
		045FFB641C3B710200F7B791 /* Info.plist */ = {isa = PBXFileReference; lastKnownFileType = text.plist.xml; path = Info.plist; sourceTree = "<group>"; };
		045FFB721C3B811D00F7B791 /* DefaultDirectionInterpretor.h */ = {isa = PBXFileReference; fileEncoding = 4; lastKnownFileType = sourcecode.c.h; path = DefaultDirectionInterpretor.h; sourceTree = "<group>"; };
		045FFB731C3B811D00F7B791 /* DefaultDirectionInterpretor.m */ = {isa = PBXFileReference; fileEncoding = 4; lastKnownFileType = sourcecode.c.objc; path = DefaultDirectionInterpretor.m; sourceTree = "<group>"; };
		045FFB741C3B811D00F7B791 /* DefaultShouldSwipeDeterminator.h */ = {isa = PBXFileReference; fileEncoding = 4; lastKnownFileType = sourcecode.c.h; path = DefaultShouldSwipeDeterminator.h; sourceTree = "<group>"; };
		045FFB751C3B811D00F7B791 /* DefaultShouldSwipeDeterminator.m */ = {isa = PBXFileReference; fileEncoding = 4; lastKnownFileType = sourcecode.c.objc; path = DefaultShouldSwipeDeterminator.m; sourceTree = "<group>"; };
		045FFB761C3B811D00F7B791 /* DefaultViewAnimator.h */ = {isa = PBXFileReference; fileEncoding = 4; lastKnownFileType = sourcecode.c.h; path = DefaultViewAnimator.h; sourceTree = "<group>"; };
		045FFB771C3B811D00F7B791 /* DefaultViewAnimator.m */ = {isa = PBXFileReference; fileEncoding = 4; lastKnownFileType = sourcecode.c.objc; path = DefaultViewAnimator.m; sourceTree = "<group>"; };
		045FFB781C3B811D00F7B791 /* PanGestureRecognizer.h */ = {isa = PBXFileReference; fileEncoding = 4; lastKnownFileType = sourcecode.c.h; path = PanGestureRecognizer.h; sourceTree = "<group>"; };
		045FFB791C3B811D00F7B791 /* PanGestureRecognizer.m */ = {isa = PBXFileReference; fileEncoding = 4; lastKnownFileType = sourcecode.c.objc; path = PanGestureRecognizer.m; sourceTree = "<group>"; };
		045FFB7A1C3B811D00F7B791 /* Scheduler.h */ = {isa = PBXFileReference; fileEncoding = 4; lastKnownFileType = sourcecode.c.h; path = Scheduler.h; sourceTree = "<group>"; };
		045FFB7B1C3B811D00F7B791 /* Scheduler.m */ = {isa = PBXFileReference; fileEncoding = 4; lastKnownFileType = sourcecode.c.objc; path = Scheduler.m; sourceTree = "<group>"; };
		045FFB7C1C3B811D00F7B791 /* Utils.h */ = {isa = PBXFileReference; fileEncoding = 4; lastKnownFileType = sourcecode.c.h; path = Utils.h; sourceTree = "<group>"; };
		045FFB7D1C3B811D00F7B791 /* Utils.m */ = {isa = PBXFileReference; fileEncoding = 4; lastKnownFileType = sourcecode.c.objc; path = Utils.m; sourceTree = "<group>"; };
		045FFB7E1C3B811D00F7B791 /* ViewManager.h */ = {isa = PBXFileReference; fileEncoding = 4; lastKnownFileType = sourcecode.c.h; path = ViewManager.h; sourceTree = "<group>"; };
		045FFB7F1C3B811D00F7B791 /* ViewManager.m */ = {isa = PBXFileReference; fileEncoding = 4; lastKnownFileType = sourcecode.c.objc; path = ViewManager.m; sourceTree = "<group>"; };
		045FFB801C3B811D00F7B791 /* ZLSwipeableView.h */ = {isa = PBXFileReference; fileEncoding = 4; lastKnownFileType = sourcecode.c.h; path = ZLSwipeableView.h; sourceTree = "<group>"; };
		045FFB811C3B811D00F7B791 /* ZLSwipeableView.m */ = {isa = PBXFileReference; fileEncoding = 4; lastKnownFileType = sourcecode.c.objc; path = ZLSwipeableView.m; sourceTree = "<group>"; };
		045FFB821C3B811D00F7B791 /* ZLSwipeableViewMovement.h */ = {isa = PBXFileReference; fileEncoding = 4; lastKnownFileType = sourcecode.c.h; path = ZLSwipeableViewMovement.h; sourceTree = "<group>"; };
		045FFB831C3B811D00F7B791 /* ZLSwipeableViewMovement.m */ = {isa = PBXFileReference; fileEncoding = 4; lastKnownFileType = sourcecode.c.objc; path = ZLSwipeableViewMovement.m; sourceTree = "<group>"; };
		045FFB841C3B811D00F7B791 /* ZLSwipeableViewSwipeOptions.h */ = {isa = PBXFileReference; fileEncoding = 4; lastKnownFileType = sourcecode.c.h; path = ZLSwipeableViewSwipeOptions.h; sourceTree = "<group>"; };
		045FFB851C3B811D00F7B791 /* ZLSwipeableViewSwipeOptions.m */ = {isa = PBXFileReference; fileEncoding = 4; lastKnownFileType = sourcecode.c.objc; path = ZLSwipeableViewSwipeOptions.m; sourceTree = "<group>"; };
		045FFB921C3B8B2D00F7B791 /* CardView.h */ = {isa = PBXFileReference; fileEncoding = 4; lastKnownFileType = sourcecode.c.h; path = CardView.h; sourceTree = "<group>"; };
		045FFB931C3B8B2D00F7B791 /* CardView.m */ = {isa = PBXFileReference; fileEncoding = 4; lastKnownFileType = sourcecode.c.objc; path = CardView.m; sourceTree = "<group>"; };
		045FFB951C3BABC700F7B791 /* Person.h */ = {isa = PBXFileReference; fileEncoding = 4; lastKnownFileType = sourcecode.c.h; path = Person.h; sourceTree = "<group>"; };
		045FFB961C3BABC700F7B791 /* Person.m */ = {isa = PBXFileReference; fileEncoding = 4; lastKnownFileType = sourcecode.c.objc; path = Person.m; sourceTree = "<group>"; };
		0477DD971C4F7B0400150ACA /* Macro.h */ = {isa = PBXFileReference; lastKnownFileType = sourcecode.c.h; path = Macro.h; sourceTree = "<group>"; };
		049824141C5BCC5500E67EEB /* ListPersonTableViewCell.h */ = {isa = PBXFileReference; fileEncoding = 4; lastKnownFileType = sourcecode.c.h; path = ListPersonTableViewCell.h; sourceTree = "<group>"; };
		049824151C5BCC5500E67EEB /* ListPersonTableViewCell.m */ = {isa = PBXFileReference; fileEncoding = 4; lastKnownFileType = sourcecode.c.objc; path = ListPersonTableViewCell.m; sourceTree = "<group>"; };
		049824161C5BCC5500E67EEB /* ListPersonTableViewCell.xib */ = {isa = PBXFileReference; fileEncoding = 4; lastKnownFileType = file.xib; path = ListPersonTableViewCell.xib; sourceTree = "<group>"; };
		0498241C1C5C0AD000E67EEB /* ChatViewController.h */ = {isa = PBXFileReference; fileEncoding = 4; lastKnownFileType = sourcecode.c.h; path = ChatViewController.h; sourceTree = "<group>"; };
		0498241D1C5C0AD000E67EEB /* ChatViewController.m */ = {isa = PBXFileReference; fileEncoding = 4; lastKnownFileType = sourcecode.c.objc; path = ChatViewController.m; sourceTree = "<group>"; };
		0498241E1C5C0AD000E67EEB /* ChatViewController.xib */ = {isa = PBXFileReference; fileEncoding = 4; lastKnownFileType = file.xib; path = ChatViewController.xib; sourceTree = "<group>"; };
		04EFF8021C578377006B4CCF /* MCCore.h */ = {isa = PBXFileReference; fileEncoding = 4; lastKnownFileType = sourcecode.c.h; path = MCCore.h; sourceTree = "<group>"; };
		04EFF8031C578377006B4CCF /* MCNewCustomLayer.h */ = {isa = PBXFileReference; fileEncoding = 4; lastKnownFileType = sourcecode.c.h; path = MCNewCustomLayer.h; sourceTree = "<group>"; };
		04EFF8041C578377006B4CCF /* MCNewCustomLayer.m */ = {isa = PBXFileReference; fileEncoding = 4; lastKnownFileType = sourcecode.c.objc; path = MCNewCustomLayer.m; sourceTree = "<group>"; };
		04EFF8051C578377006B4CCF /* MCNewCustomLayeredView.h */ = {isa = PBXFileReference; fileEncoding = 4; lastKnownFileType = sourcecode.c.h; path = MCNewCustomLayeredView.h; sourceTree = "<group>"; };
		04EFF8061C578377006B4CCF /* MCNewCustomLayeredView.m */ = {isa = PBXFileReference; fileEncoding = 4; lastKnownFileType = sourcecode.c.objc; path = MCNewCustomLayeredView.m; sourceTree = "<group>"; };
		04EFF8071C578377006B4CCF /* MCNewCustomLayeredView+MCCustomLayeredViewSubclass.h */ = {isa = PBXFileReference; fileEncoding = 4; lastKnownFileType = sourcecode.c.h; path = "MCNewCustomLayeredView+MCCustomLayeredViewSubclass.h"; sourceTree = "<group>"; };
		04EFF8081C578377006B4CCF /* MCPercentageDoughnutView.h */ = {isa = PBXFileReference; fileEncoding = 4; lastKnownFileType = sourcecode.c.h; path = MCPercentageDoughnutView.h; sourceTree = "<group>"; };
		04EFF8091C578377006B4CCF /* MCPercentageDoughnutView.m */ = {isa = PBXFileReference; fileEncoding = 4; lastKnownFileType = sourcecode.c.objc; path = MCPercentageDoughnutView.m; sourceTree = "<group>"; };
		04EFF80A1C578377006B4CCF /* MCSliceLayer.h */ = {isa = PBXFileReference; fileEncoding = 4; lastKnownFileType = sourcecode.c.h; path = MCSliceLayer.h; sourceTree = "<group>"; };
		04EFF80B1C578377006B4CCF /* MCSliceLayer.m */ = {isa = PBXFileReference; fileEncoding = 4; lastKnownFileType = sourcecode.c.objc; path = MCSliceLayer.m; sourceTree = "<group>"; };
		04EFF80C1C578377006B4CCF /* MCUtil.h */ = {isa = PBXFileReference; fileEncoding = 4; lastKnownFileType = sourcecode.c.h; path = MCUtil.h; sourceTree = "<group>"; };
		04EFF80D1C578377006B4CCF /* MCUtil.m */ = {isa = PBXFileReference; fileEncoding = 4; lastKnownFileType = sourcecode.c.objc; path = MCUtil.m; sourceTree = "<group>"; };
		04EFF8131C58835E006B4CCF /* ListPersonViewController.h */ = {isa = PBXFileReference; fileEncoding = 4; lastKnownFileType = sourcecode.c.h; path = ListPersonViewController.h; sourceTree = "<group>"; };
		04EFF8141C58835E006B4CCF /* ListPersonViewController.m */ = {isa = PBXFileReference; fileEncoding = 4; lastKnownFileType = sourcecode.c.objc; path = ListPersonViewController.m; sourceTree = "<group>"; };
		04EFF8621C5A27F6006B4CCF /* SVN-Haptic Script.otf */ = {isa = PBXFileReference; lastKnownFileType = file; path = "SVN-Haptic Script.otf"; sourceTree = "<group>"; };
		04EFF8641C5A295D006B4CCF /* chat-icon.png */ = {isa = PBXFileReference; lastKnownFileType = image.png; path = "chat-icon.png"; sourceTree = "<group>"; };
		04EFF8661C5A2A75006B4CCF /* setting-icon.png */ = {isa = PBXFileReference; lastKnownFileType = image.png; path = "setting-icon.png"; sourceTree = "<group>"; };
		04EFF8681C5B1F0F006B4CCF /* midu.jpg */ = {isa = PBXFileReference; lastKnownFileType = image.jpeg; path = midu.jpg; sourceTree = "<group>"; };
		04EFF86A1C5B2047006B4CCF /* huyenmy.jpg */ = {isa = PBXFileReference; lastKnownFileType = image.jpeg; path = huyenmy.jpg; sourceTree = "<group>"; };
		04EFF86C1C5B2095006B4CCF /* hami.jpg */ = {isa = PBXFileReference; lastKnownFileType = image.jpeg; path = hami.jpg; sourceTree = "<group>"; };
		04FCE4211CABB55B002E381C /* SettingSpotyViewController.h */ = {isa = PBXFileReference; fileEncoding = 4; lastKnownFileType = sourcecode.c.h; path = SettingSpotyViewController.h; sourceTree = "<group>"; };
		04FCE4221CABB55B002E381C /* SettingSpotyViewController.m */ = {isa = PBXFileReference; fileEncoding = 4; lastKnownFileType = sourcecode.c.objc; path = SettingSpotyViewController.m; sourceTree = "<group>"; };
		04FCE4261CABBB62002E381C /* UIImage+ImageEffects.h */ = {isa = PBXFileReference; fileEncoding = 4; lastKnownFileType = sourcecode.c.h; path = "UIImage+ImageEffects.h"; sourceTree = "<group>"; };
		04FCE4271CABBB62002E381C /* UIImage+ImageEffects.m */ = {isa = PBXFileReference; fileEncoding = 4; lastKnownFileType = sourcecode.c.objc; path = "UIImage+ImageEffects.m"; sourceTree = "<group>"; };
		04FCE4281CABBB62002E381C /* UIImageView+LBBlurredImage.h */ = {isa = PBXFileReference; fileEncoding = 4; lastKnownFileType = sourcecode.c.h; path = "UIImageView+LBBlurredImage.h"; sourceTree = "<group>"; };
		04FCE4291CABBB62002E381C /* UIImageView+LBBlurredImage.m */ = {isa = PBXFileReference; fileEncoding = 4; lastKnownFileType = sourcecode.c.objc; path = "UIImageView+LBBlurredImage.m"; sourceTree = "<group>"; };
		04FCE42A1CABBB62002E381C /* MGSpotyView.h */ = {isa = PBXFileReference; fileEncoding = 4; lastKnownFileType = sourcecode.c.h; path = MGSpotyView.h; sourceTree = "<group>"; };
		04FCE42B1CABBB62002E381C /* MGSpotyView.m */ = {isa = PBXFileReference; fileEncoding = 4; lastKnownFileType = sourcecode.c.objc; path = MGSpotyView.m; sourceTree = "<group>"; };
		04FCE42C1CABBB62002E381C /* MGSpotyViewController.h */ = {isa = PBXFileReference; fileEncoding = 4; lastKnownFileType = sourcecode.c.h; path = MGSpotyViewController.h; sourceTree = "<group>"; };
		04FCE42D1CABBB62002E381C /* MGSpotyViewController.m */ = {isa = PBXFileReference; fileEncoding = 4; lastKnownFileType = sourcecode.c.objc; path = MGSpotyViewController.m; sourceTree = "<group>"; };
		04FCE42E1CABBB62002E381C /* MGSpotyViewControllerDataSource.h */ = {isa = PBXFileReference; fileEncoding = 4; lastKnownFileType = sourcecode.c.h; path = MGSpotyViewControllerDataSource.h; sourceTree = "<group>"; };
		04FCE42F1CABBB62002E381C /* MGSpotyViewControllerDelegate.h */ = {isa = PBXFileReference; fileEncoding = 4; lastKnownFileType = sourcecode.c.h; path = MGSpotyViewControllerDelegate.h; sourceTree = "<group>"; };
		04FCE4351CABBBDA002E381C /* MGViewControllerDataSource.h */ = {isa = PBXFileReference; fileEncoding = 4; lastKnownFileType = sourcecode.c.h; path = MGViewControllerDataSource.h; sourceTree = "<group>"; };
		04FCE4361CABBBDA002E381C /* MGViewControllerDataSource.m */ = {isa = PBXFileReference; fileEncoding = 4; lastKnownFileType = sourcecode.c.objc; path = MGViewControllerDataSource.m; sourceTree = "<group>"; };
		04FCE4371CABBBDA002E381C /* MGViewControllerDelegate.h */ = {isa = PBXFileReference; fileEncoding = 4; lastKnownFileType = sourcecode.c.h; path = MGViewControllerDelegate.h; sourceTree = "<group>"; };
		04FCE4381CABBBDA002E381C /* MGViewControllerDelegate.m */ = {isa = PBXFileReference; fileEncoding = 4; lastKnownFileType = sourcecode.c.objc; path = MGViewControllerDelegate.m; sourceTree = "<group>"; };
		04FCE43E1CABE55F002E381C /* SettingViewController.h */ = {isa = PBXFileReference; fileEncoding = 4; lastKnownFileType = sourcecode.c.h; path = SettingViewController.h; sourceTree = "<group>"; };
		04FCE43F1CABE55F002E381C /* SettingViewController.m */ = {isa = PBXFileReference; fileEncoding = 4; lastKnownFileType = sourcecode.c.objc; path = SettingViewController.m; sourceTree = "<group>"; };
/* End PBXFileReference section */

/* Begin PBXFrameworksBuildPhase section */
		045FFB341C3B710000F7B791 /* Frameworks */ = {
			isa = PBXFrameworksBuildPhase;
			buildActionMask = 2147483647;
			files = (
			);
			runOnlyForDeploymentPostprocessing = 0;
		};
		045FFB501C3B710100F7B791 /* Frameworks */ = {
			isa = PBXFrameworksBuildPhase;
			buildActionMask = 2147483647;
			files = (
			);
			runOnlyForDeploymentPostprocessing = 0;
		};
		045FFB5B1C3B710100F7B791 /* Frameworks */ = {
			isa = PBXFrameworksBuildPhase;
			buildActionMask = 2147483647;
			files = (
			);
			runOnlyForDeploymentPostprocessing = 0;
		};
/* End PBXFrameworksBuildPhase section */

/* Begin PBXGroup section */
		041DCBCA1C69F5E40046FDD0 /* Setting */ = {
			isa = PBXGroup;
			children = (
				04FCE4211CABB55B002E381C /* SettingSpotyViewController.h */,
				04FCE4221CABB55B002E381C /* SettingSpotyViewController.m */,
				04FCE43E1CABE55F002E381C /* SettingViewController.h */,
				04FCE43F1CABE55F002E381C /* SettingViewController.m */,
			);
			name = Setting;
			sourceTree = "<group>";
		};
		041DCBCB1C69F5F50046FDD0 /* Profile */ = {
			isa = PBXGroup;
			children = (
				041DCBCC1C69F6130046FDD0 /* ProfileDetailViewController.h */,
				041DCBCD1C69F6130046FDD0 /* ProfileDetailViewController.m */,
				041DCBCE1C69F6130046FDD0 /* ProfileDetailViewController.xib */,
			);
			name = Profile;
			sourceTree = "<group>";
		};
		045FFB2E1C3B710000F7B791 = {
			isa = PBXGroup;
			children = (
				045FFB391C3B710100F7B791 /* TrueLoveFinder */,
				045FFB561C3B710100F7B791 /* TrueLoveFinderTests */,
				045FFB611C3B710100F7B791 /* TrueLoveFinderUITests */,
				045FFB381C3B710000F7B791 /* Products */,
			);
			sourceTree = "<group>";
		};
		045FFB381C3B710000F7B791 /* Products */ = {
			isa = PBXGroup;
			children = (
				045FFB371C3B710000F7B791 /* TrueLoveFinder.app */,
				045FFB531C3B710100F7B791 /* TrueLoveFinderTests.xctest */,
				045FFB5E1C3B710100F7B791 /* TrueLoveFinderUITests.xctest */,
			);
			name = Products;
			sourceTree = "<group>";
		};
		045FFB391C3B710100F7B791 /* TrueLoveFinder */ = {
			isa = PBXGroup;
			children = (
				046A77C51C858B240054D367 /* RecordingCustomClass */,
				04EFF8611C5A27DE006B4CCF /* Resources */,
				0477DD961C4F7AD600150ACA /* Common */,
				04C3B8A01C46629D00243CD3 /* ViewController */,
				0468272A1C436A78005D3E2E /* CustomView */,
				045FFB901C3B815200F7B791 /* Model */,
				045FFB701C3B80F200F7B791 /* ThirdParty */,
				045FFB3D1C3B710100F7B791 /* AppDelegate.h */,
				045FFB3E1C3B710100F7B791 /* AppDelegate.m */,
				045FFB431C3B710100F7B791 /* Main.storyboard */,
				045FFB491C3B710100F7B791 /* Assets.xcassets */,
				045FFB4B1C3B710100F7B791 /* LaunchScreen.storyboard */,
				045FFB4E1C3B710100F7B791 /* Info.plist */,
				045FFB461C3B710100F7B791 /* TrueLoveFinder.xcdatamodeld */,
				045FFB3A1C3B710100F7B791 /* Supporting Files */,
			);
			path = TrueLoveFinder;
			sourceTree = "<group>";
		};
		045FFB3A1C3B710100F7B791 /* Supporting Files */ = {
			isa = PBXGroup;
			children = (
				045FFB3B1C3B710100F7B791 /* main.m */,
			);
			name = "Supporting Files";
			sourceTree = "<group>";
		};
		045FFB561C3B710100F7B791 /* TrueLoveFinderTests */ = {
			isa = PBXGroup;
			children = (
				045FFB571C3B710100F7B791 /* TrueLoveFinderTests.m */,
				045FFB591C3B710100F7B791 /* Info.plist */,
			);
			path = TrueLoveFinderTests;
			sourceTree = "<group>";
		};
		045FFB611C3B710100F7B791 /* TrueLoveFinderUITests */ = {
			isa = PBXGroup;
			children = (
				045FFB621C3B710200F7B791 /* TrueLoveFinderUITests.m */,
				045FFB641C3B710200F7B791 /* Info.plist */,
			);
			path = TrueLoveFinderUITests;
			sourceTree = "<group>";
		};
		045FFB701C3B80F200F7B791 /* ThirdParty */ = {
			isa = PBXGroup;
			children = (
				04FCE4241CABB7BB002E381C /* MGSpotyView */,
				04EFF8011C57835A006B4CCF /* CircleProcessing */,
				045FFB711C3B811D00F7B791 /* ZLSwipeableView */,
			);
			name = ThirdParty;
			sourceTree = "<group>";
		};
		045FFB711C3B811D00F7B791 /* ZLSwipeableView */ = {
			isa = PBXGroup;
			children = (
				045FFB721C3B811D00F7B791 /* DefaultDirectionInterpretor.h */,
				045FFB731C3B811D00F7B791 /* DefaultDirectionInterpretor.m */,
				045FFB741C3B811D00F7B791 /* DefaultShouldSwipeDeterminator.h */,
				045FFB751C3B811D00F7B791 /* DefaultShouldSwipeDeterminator.m */,
				045FFB761C3B811D00F7B791 /* DefaultViewAnimator.h */,
				045FFB771C3B811D00F7B791 /* DefaultViewAnimator.m */,
				045FFB781C3B811D00F7B791 /* PanGestureRecognizer.h */,
				045FFB791C3B811D00F7B791 /* PanGestureRecognizer.m */,
				045FFB7A1C3B811D00F7B791 /* Scheduler.h */,
				045FFB7B1C3B811D00F7B791 /* Scheduler.m */,
				045FFB7C1C3B811D00F7B791 /* Utils.h */,
				045FFB7D1C3B811D00F7B791 /* Utils.m */,
				045FFB7E1C3B811D00F7B791 /* ViewManager.h */,
				045FFB7F1C3B811D00F7B791 /* ViewManager.m */,
				045FFB801C3B811D00F7B791 /* ZLSwipeableView.h */,
				045FFB811C3B811D00F7B791 /* ZLSwipeableView.m */,
				045FFB821C3B811D00F7B791 /* ZLSwipeableViewMovement.h */,
				045FFB831C3B811D00F7B791 /* ZLSwipeableViewMovement.m */,
				045FFB841C3B811D00F7B791 /* ZLSwipeableViewSwipeOptions.h */,
				045FFB851C3B811D00F7B791 /* ZLSwipeableViewSwipeOptions.m */,
			);
			path = ZLSwipeableView;
			sourceTree = "<group>";
		};
		045FFB901C3B815200F7B791 /* Model */ = {
			isa = PBXGroup;
			children = (
				045FFB951C3BABC700F7B791 /* Person.h */,
				045FFB961C3BABC700F7B791 /* Person.m */,
			);
			name = Model;
			sourceTree = "<group>";
		};
		0468272A1C436A78005D3E2E /* CustomView */ = {
			isa = PBXGroup;
			children = (
				045FFB921C3B8B2D00F7B791 /* CardView.h */,
				045FFB931C3B8B2D00F7B791 /* CardView.m */,
			);
			name = CustomView;
			sourceTree = "<group>";
		};
		046A77C51C858B240054D367 /* RecordingCustomClass */ = {
			isa = PBXGroup;
			children = (
			);
			name = RecordingCustomClass;
			sourceTree = "<group>";
		};
		0477DD961C4F7AD600150ACA /* Common */ = {
			isa = PBXGroup;
			children = (
				0477DD971C4F7B0400150ACA /* Macro.h */,
			);
			name = Common;
			sourceTree = "<group>";
		};
		049824131C5BCBCE00E67EEB /* List */ = {
			isa = PBXGroup;
			children = (
				04EFF8131C58835E006B4CCF /* ListPersonViewController.h */,
				04EFF8141C58835E006B4CCF /* ListPersonViewController.m */,
				049824141C5BCC5500E67EEB /* ListPersonTableViewCell.h */,
				049824151C5BCC5500E67EEB /* ListPersonTableViewCell.m */,
				049824161C5BCC5500E67EEB /* ListPersonTableViewCell.xib */,
				0498241C1C5C0AD000E67EEB /* ChatViewController.h */,
				0498241D1C5C0AD000E67EEB /* ChatViewController.m */,
				0498241E1C5C0AD000E67EEB /* ChatViewController.xib */,
			);
			name = List;
			sourceTree = "<group>";
		};
		04C3B8A01C46629D00243CD3 /* ViewController */ = {
			isa = PBXGroup;
			children = (
				041DCBCB1C69F5F50046FDD0 /* Profile */,
				041DCBCA1C69F5E40046FDD0 /* Setting */,
				049824131C5BCBCE00E67EEB /* List */,
				045FFB401C3B710100F7B791 /* ViewController.h */,
				045FFB411C3B710100F7B791 /* ViewController.m */,
			);
			name = ViewController;
			sourceTree = "<group>";
		};
		04EFF8011C57835A006B4CCF /* CircleProcessing */ = {
			isa = PBXGroup;
			children = (
				04EFF8021C578377006B4CCF /* MCCore.h */,
				04EFF8031C578377006B4CCF /* MCNewCustomLayer.h */,
				04EFF8041C578377006B4CCF /* MCNewCustomLayer.m */,
				04EFF8051C578377006B4CCF /* MCNewCustomLayeredView.h */,
				04EFF8061C578377006B4CCF /* MCNewCustomLayeredView.m */,
				04EFF8071C578377006B4CCF /* MCNewCustomLayeredView+MCCustomLayeredViewSubclass.h */,
				04EFF8081C578377006B4CCF /* MCPercentageDoughnutView.h */,
				04EFF8091C578377006B4CCF /* MCPercentageDoughnutView.m */,
				04EFF80A1C578377006B4CCF /* MCSliceLayer.h */,
				04EFF80B1C578377006B4CCF /* MCSliceLayer.m */,
				04EFF80C1C578377006B4CCF /* MCUtil.h */,
				04EFF80D1C578377006B4CCF /* MCUtil.m */,
			);
			name = CircleProcessing;
			sourceTree = "<group>";
		};
		04EFF8611C5A27DE006B4CCF /* Resources */ = {
			isa = PBXGroup;
			children = (
				04F4677A1C3BD55C003D75D5 /* ImagesTest */,
				04EFF8621C5A27F6006B4CCF /* SVN-Haptic Script.otf */,
				04EFF8641C5A295D006B4CCF /* chat-icon.png */,
				04EFF8661C5A2A75006B4CCF /* setting-icon.png */,
			);
			name = Resources;
			sourceTree = "<group>";
		};
		04F4677A1C3BD55C003D75D5 /* ImagesTest */ = {
			isa = PBXGroup;
			children = (
				04EFF86C1C5B2095006B4CCF /* hami.jpg */,
				04EFF86A1C5B2047006B4CCF /* huyenmy.jpg */,
				04EFF8681C5B1F0F006B4CCF /* midu.jpg */,
			);
			name = ImagesTest;
			sourceTree = "<group>";
		};
		04FCE4241CABB7BB002E381C /* MGSpotyView */ = {
			isa = PBXGroup;
			children = (
				04FCE4341CABBBB2002E381C /* Delegate&DataSource */,
				04FCE4251CABBB62002E381C /* ImageEffects */,
				04FCE42A1CABBB62002E381C /* MGSpotyView.h */,
				04FCE42B1CABBB62002E381C /* MGSpotyView.m */,
				04FCE42C1CABBB62002E381C /* MGSpotyViewController.h */,
				04FCE42D1CABBB62002E381C /* MGSpotyViewController.m */,
				04FCE42E1CABBB62002E381C /* MGSpotyViewControllerDataSource.h */,
				04FCE42F1CABBB62002E381C /* MGSpotyViewControllerDelegate.h */,
			);
			name = MGSpotyView;
			sourceTree = "<group>";
		};
		04FCE4251CABBB62002E381C /* ImageEffects */ = {
			isa = PBXGroup;
			children = (
				04FCE4261CABBB62002E381C /* UIImage+ImageEffects.h */,
				04FCE4271CABBB62002E381C /* UIImage+ImageEffects.m */,
				04FCE4281CABBB62002E381C /* UIImageView+LBBlurredImage.h */,
				04FCE4291CABBB62002E381C /* UIImageView+LBBlurredImage.m */,
			);
			path = ImageEffects;
			sourceTree = "<group>";
		};
		04FCE4341CABBBB2002E381C /* Delegate&DataSource */ = {
			isa = PBXGroup;
			children = (
				04FCE4351CABBBDA002E381C /* MGViewControllerDataSource.h */,
				04FCE4361CABBBDA002E381C /* MGViewControllerDataSource.m */,
				04FCE4371CABBBDA002E381C /* MGViewControllerDelegate.h */,
				04FCE4381CABBBDA002E381C /* MGViewControllerDelegate.m */,
			);
			name = "Delegate&DataSource";
			sourceTree = "<group>";
		};
/* End PBXGroup section */

/* Begin PBXNativeTarget section */
		045FFB361C3B710000F7B791 /* TrueLoveFinder */ = {
			isa = PBXNativeTarget;
			buildConfigurationList = 045FFB671C3B710200F7B791 /* Build configuration list for PBXNativeTarget "TrueLoveFinder" */;
			buildPhases = (
				045FFB331C3B710000F7B791 /* Sources */,
				045FFB341C3B710000F7B791 /* Frameworks */,
				045FFB351C3B710000F7B791 /* Resources */,
			);
			buildRules = (
			);
			dependencies = (
			);
			name = TrueLoveFinder;
			productName = TrueLoveFinder;
			productReference = 045FFB371C3B710000F7B791 /* TrueLoveFinder.app */;
			productType = "com.apple.product-type.application";
		};
		045FFB521C3B710100F7B791 /* TrueLoveFinderTests */ = {
			isa = PBXNativeTarget;
			buildConfigurationList = 045FFB6A1C3B710200F7B791 /* Build configuration list for PBXNativeTarget "TrueLoveFinderTests" */;
			buildPhases = (
				045FFB4F1C3B710100F7B791 /* Sources */,
				045FFB501C3B710100F7B791 /* Frameworks */,
				045FFB511C3B710100F7B791 /* Resources */,
			);
			buildRules = (
			);
			dependencies = (
				045FFB551C3B710100F7B791 /* PBXTargetDependency */,
			);
			name = TrueLoveFinderTests;
			productName = TrueLoveFinderTests;
			productReference = 045FFB531C3B710100F7B791 /* TrueLoveFinderTests.xctest */;
			productType = "com.apple.product-type.bundle.unit-test";
		};
		045FFB5D1C3B710100F7B791 /* TrueLoveFinderUITests */ = {
			isa = PBXNativeTarget;
			buildConfigurationList = 045FFB6D1C3B710200F7B791 /* Build configuration list for PBXNativeTarget "TrueLoveFinderUITests" */;
			buildPhases = (
				045FFB5A1C3B710100F7B791 /* Sources */,
				045FFB5B1C3B710100F7B791 /* Frameworks */,
				045FFB5C1C3B710100F7B791 /* Resources */,
			);
			buildRules = (
			);
			dependencies = (
				045FFB601C3B710100F7B791 /* PBXTargetDependency */,
			);
			name = TrueLoveFinderUITests;
			productName = TrueLoveFinderUITests;
			productReference = 045FFB5E1C3B710100F7B791 /* TrueLoveFinderUITests.xctest */;
			productType = "com.apple.product-type.bundle.ui-testing";
		};
/* End PBXNativeTarget section */

/* Begin PBXProject section */
		045FFB2F1C3B710000F7B791 /* Project object */ = {
			isa = PBXProject;
			attributes = {
				LastUpgradeCheck = 0720;
				ORGANIZATIONNAME = vad;
				TargetAttributes = {
					045FFB361C3B710000F7B791 = {
						CreatedOnToolsVersion = 7.2;
					};
					045FFB521C3B710100F7B791 = {
						CreatedOnToolsVersion = 7.2;
						TestTargetID = 045FFB361C3B710000F7B791;
					};
					045FFB5D1C3B710100F7B791 = {
						CreatedOnToolsVersion = 7.2;
						TestTargetID = 045FFB361C3B710000F7B791;
					};
				};
			};
			buildConfigurationList = 045FFB321C3B710000F7B791 /* Build configuration list for PBXProject "TrueLoveFinder" */;
			compatibilityVersion = "Xcode 3.2";
			developmentRegion = English;
			hasScannedForEncodings = 0;
			knownRegions = (
				en,
				Base,
			);
			mainGroup = 045FFB2E1C3B710000F7B791;
			productRefGroup = 045FFB381C3B710000F7B791 /* Products */;
			projectDirPath = "";
			projectRoot = "";
			targets = (
				045FFB361C3B710000F7B791 /* TrueLoveFinder */,
				045FFB521C3B710100F7B791 /* TrueLoveFinderTests */,
				045FFB5D1C3B710100F7B791 /* TrueLoveFinderUITests */,
			);
		};
/* End PBXProject section */

/* Begin PBXResourcesBuildPhase section */
		045FFB351C3B710000F7B791 /* Resources */ = {
			isa = PBXResourcesBuildPhase;
			buildActionMask = 2147483647;
			files = (
				04EFF8631C5A281C006B4CCF /* SVN-Haptic Script.otf in Resources */,
				04EFF8671C5A2A75006B4CCF /* setting-icon.png in Resources */,
				04EFF8691C5B1F0F006B4CCF /* midu.jpg in Resources */,
				045FFB4D1C3B710100F7B791 /* LaunchScreen.storyboard in Resources */,
				049824181C5BCC5500E67EEB /* ListPersonTableViewCell.xib in Resources */,
				049824201C5C0AD000E67EEB /* ChatViewController.xib in Resources */,
				04EFF86D1C5B2095006B4CCF /* hami.jpg in Resources */,
				045FFB4A1C3B710100F7B791 /* Assets.xcassets in Resources */,
				04EFF86B1C5B2047006B4CCF /* huyenmy.jpg in Resources */,
				045FFB451C3B710100F7B791 /* Main.storyboard in Resources */,
				04EFF8651C5A295D006B4CCF /* chat-icon.png in Resources */,
				041DCBD01C69F6130046FDD0 /* ProfileDetailViewController.xib in Resources */,
			);
			runOnlyForDeploymentPostprocessing = 0;
		};
		045FFB511C3B710100F7B791 /* Resources */ = {
			isa = PBXResourcesBuildPhase;
			buildActionMask = 2147483647;
			files = (
			);
			runOnlyForDeploymentPostprocessing = 0;
		};
		045FFB5C1C3B710100F7B791 /* Resources */ = {
			isa = PBXResourcesBuildPhase;
			buildActionMask = 2147483647;
			files = (
			);
			runOnlyForDeploymentPostprocessing = 0;
		};
/* End PBXResourcesBuildPhase section */

/* Begin PBXSourcesBuildPhase section */
		045FFB331C3B710000F7B791 /* Sources */ = {
			isa = PBXSourcesBuildPhase;
			buildActionMask = 2147483647;
			files = (
				04EFF8121C578377006B4CCF /* MCUtil.m in Sources */,
				045FFB881C3B811D00F7B791 /* DefaultViewAnimator.m in Sources */,
				045FFB421C3B710100F7B791 /* ViewController.m in Sources */,
				045FFB861C3B811D00F7B791 /* DefaultDirectionInterpretor.m in Sources */,
				04EFF80F1C578377006B4CCF /* MCNewCustomLayeredView.m in Sources */,
				045FFB8F1C3B811D00F7B791 /* ZLSwipeableViewSwipeOptions.m in Sources */,
				04FCE43A1CABBBDA002E381C /* MGViewControllerDelegate.m in Sources */,
				045FFB8B1C3B811D00F7B791 /* Utils.m in Sources */,
				045FFB481C3B710100F7B791 /* TrueLoveFinder.xcdatamodeld in Sources */,
				045FFB8A1C3B811D00F7B791 /* Scheduler.m in Sources */,
				04EFF8151C58835E006B4CCF /* ListPersonViewController.m in Sources */,
				049824171C5BCC5500E67EEB /* ListPersonTableViewCell.m in Sources */,
				04FCE4231CABB55B002E381C /* SettingSpotyViewController.m in Sources */,
				045FFB8C1C3B811D00F7B791 /* ViewManager.m in Sources */,
				045FFB3F1C3B710100F7B791 /* AppDelegate.m in Sources */,
				045FFB871C3B811D00F7B791 /* DefaultShouldSwipeDeterminator.m in Sources */,
				04FCE4331CABBB62002E381C /* MGSpotyViewController.m in Sources */,
				04FCE4321CABBB62002E381C /* MGSpotyView.m in Sources */,
				04FCE4401CABE55F002E381C /* SettingViewController.m in Sources */,
				04FCE4301CABBB62002E381C /* UIImage+ImageEffects.m in Sources */,
				041DCBCF1C69F6130046FDD0 /* ProfileDetailViewController.m in Sources */,
				045FFB971C3BABC700F7B791 /* Person.m in Sources */,
				04FCE4391CABBBDA002E381C /* MGViewControllerDataSource.m in Sources */,
				045FFB8D1C3B811D00F7B791 /* ZLSwipeableView.m in Sources */,
				04EFF8111C578377006B4CCF /* MCSliceLayer.m in Sources */,
				04EFF8101C578377006B4CCF /* MCPercentageDoughnutView.m in Sources */,
				045FFB3C1C3B710100F7B791 /* main.m in Sources */,
				045FFB941C3B8B2D00F7B791 /* CardView.m in Sources */,
				045FFB8E1C3B811D00F7B791 /* ZLSwipeableViewMovement.m in Sources */,
				0498241F1C5C0AD000E67EEB /* ChatViewController.m in Sources */,
				045FFB891C3B811D00F7B791 /* PanGestureRecognizer.m in Sources */,
				04FCE4311CABBB62002E381C /* UIImageView+LBBlurredImage.m in Sources */,
				04EFF80E1C578377006B4CCF /* MCNewCustomLayer.m in Sources */,
			);
			runOnlyForDeploymentPostprocessing = 0;
		};
		045FFB4F1C3B710100F7B791 /* Sources */ = {
			isa = PBXSourcesBuildPhase;
			buildActionMask = 2147483647;
			files = (
				045FFB581C3B710100F7B791 /* TrueLoveFinderTests.m in Sources */,
			);
			runOnlyForDeploymentPostprocessing = 0;
		};
		045FFB5A1C3B710100F7B791 /* Sources */ = {
			isa = PBXSourcesBuildPhase;
			buildActionMask = 2147483647;
			files = (
				045FFB631C3B710200F7B791 /* TrueLoveFinderUITests.m in Sources */,
			);
			runOnlyForDeploymentPostprocessing = 0;
		};
/* End PBXSourcesBuildPhase section */

/* Begin PBXTargetDependency section */
		045FFB551C3B710100F7B791 /* PBXTargetDependency */ = {
			isa = PBXTargetDependency;
			target = 045FFB361C3B710000F7B791 /* TrueLoveFinder */;
			targetProxy = 045FFB541C3B710100F7B791 /* PBXContainerItemProxy */;
		};
		045FFB601C3B710100F7B791 /* PBXTargetDependency */ = {
			isa = PBXTargetDependency;
			target = 045FFB361C3B710000F7B791 /* TrueLoveFinder */;
			targetProxy = 045FFB5F1C3B710100F7B791 /* PBXContainerItemProxy */;
		};
/* End PBXTargetDependency section */

/* Begin PBXVariantGroup section */
		045FFB431C3B710100F7B791 /* Main.storyboard */ = {
			isa = PBXVariantGroup;
			children = (
				045FFB441C3B710100F7B791 /* Base */,
			);
			name = Main.storyboard;
			sourceTree = "<group>";
		};
		045FFB4B1C3B710100F7B791 /* LaunchScreen.storyboard */ = {
			isa = PBXVariantGroup;
			children = (
				045FFB4C1C3B710100F7B791 /* Base */,
			);
			name = LaunchScreen.storyboard;
			sourceTree = "<group>";
		};
/* End PBXVariantGroup section */

/* Begin XCBuildConfiguration section */
		045FFB651C3B710200F7B791 /* Debug */ = {
			isa = XCBuildConfiguration;
			buildSettings = {
				ALWAYS_SEARCH_USER_PATHS = NO;
				CLANG_CXX_LANGUAGE_STANDARD = "gnu++0x";
				CLANG_CXX_LIBRARY = "libc++";
				CLANG_ENABLE_MODULES = YES;
				CLANG_ENABLE_OBJC_ARC = YES;
				CLANG_WARN_BOOL_CONVERSION = YES;
				CLANG_WARN_CONSTANT_CONVERSION = YES;
				CLANG_WARN_DIRECT_OBJC_ISA_USAGE = YES_ERROR;
				CLANG_WARN_EMPTY_BODY = YES;
				CLANG_WARN_ENUM_CONVERSION = YES;
				CLANG_WARN_INT_CONVERSION = YES;
				CLANG_WARN_OBJC_ROOT_CLASS = YES_ERROR;
				CLANG_WARN_UNREACHABLE_CODE = YES;
				CLANG_WARN__DUPLICATE_METHOD_MATCH = YES;
				"CODE_SIGN_IDENTITY[sdk=iphoneos*]" = "iPhone Developer";
				COPY_PHASE_STRIP = NO;
				DEBUG_INFORMATION_FORMAT = dwarf;
				ENABLE_STRICT_OBJC_MSGSEND = YES;
				ENABLE_TESTABILITY = YES;
				GCC_C_LANGUAGE_STANDARD = gnu99;
				GCC_DYNAMIC_NO_PIC = NO;
				GCC_NO_COMMON_BLOCKS = YES;
				GCC_OPTIMIZATION_LEVEL = 0;
				GCC_PREPROCESSOR_DEFINITIONS = (
					"DEBUG=1",
					"$(inherited)",
				);
				GCC_WARN_64_TO_32_BIT_CONVERSION = YES;
				GCC_WARN_ABOUT_RETURN_TYPE = YES_ERROR;
				GCC_WARN_UNDECLARED_SELECTOR = YES;
				GCC_WARN_UNINITIALIZED_AUTOS = YES_AGGRESSIVE;
				GCC_WARN_UNUSED_FUNCTION = YES;
				GCC_WARN_UNUSED_VARIABLE = YES;
				IPHONEOS_DEPLOYMENT_TARGET = 9.2;
				MTL_ENABLE_DEBUG_INFO = YES;
				ONLY_ACTIVE_ARCH = YES;
				SDKROOT = iphoneos;
				TARGETED_DEVICE_FAMILY = "1,2";
			};
			name = Debug;
		};
		045FFB661C3B710200F7B791 /* Release */ = {
			isa = XCBuildConfiguration;
			buildSettings = {
				ALWAYS_SEARCH_USER_PATHS = NO;
				CLANG_CXX_LANGUAGE_STANDARD = "gnu++0x";
				CLANG_CXX_LIBRARY = "libc++";
				CLANG_ENABLE_MODULES = YES;
				CLANG_ENABLE_OBJC_ARC = YES;
				CLANG_WARN_BOOL_CONVERSION = YES;
				CLANG_WARN_CONSTANT_CONVERSION = YES;
				CLANG_WARN_DIRECT_OBJC_ISA_USAGE = YES_ERROR;
				CLANG_WARN_EMPTY_BODY = YES;
				CLANG_WARN_ENUM_CONVERSION = YES;
				CLANG_WARN_INT_CONVERSION = YES;
				CLANG_WARN_OBJC_ROOT_CLASS = YES_ERROR;
				CLANG_WARN_UNREACHABLE_CODE = YES;
				CLANG_WARN__DUPLICATE_METHOD_MATCH = YES;
				"CODE_SIGN_IDENTITY[sdk=iphoneos*]" = "iPhone Developer";
				COPY_PHASE_STRIP = NO;
				DEBUG_INFORMATION_FORMAT = "dwarf-with-dsym";
				ENABLE_NS_ASSERTIONS = NO;
				ENABLE_STRICT_OBJC_MSGSEND = YES;
				GCC_C_LANGUAGE_STANDARD = gnu99;
				GCC_NO_COMMON_BLOCKS = YES;
				GCC_WARN_64_TO_32_BIT_CONVERSION = YES;
				GCC_WARN_ABOUT_RETURN_TYPE = YES_ERROR;
				GCC_WARN_UNDECLARED_SELECTOR = YES;
				GCC_WARN_UNINITIALIZED_AUTOS = YES_AGGRESSIVE;
				GCC_WARN_UNUSED_FUNCTION = YES;
				GCC_WARN_UNUSED_VARIABLE = YES;
				IPHONEOS_DEPLOYMENT_TARGET = 9.2;
				MTL_ENABLE_DEBUG_INFO = NO;
				SDKROOT = iphoneos;
				TARGETED_DEVICE_FAMILY = "1,2";
				VALIDATE_PRODUCT = YES;
			};
			name = Release;
		};
		045FFB681C3B710200F7B791 /* Debug */ = {
			isa = XCBuildConfiguration;
			buildSettings = {
				ASSETCATALOG_COMPILER_APPICON_NAME = AppIcon;
				ENABLE_BITCODE = NO;
				FRAMEWORK_SEARCH_PATHS = (
					"$(inherited)",
					"$(PROJECT_DIR)",
				);
				INFOPLIST_FILE = TrueLoveFinder/Info.plist;
				LD_RUNPATH_SEARCH_PATHS = "$(inherited) @executable_path/Frameworks";
				PRODUCT_BUNDLE_IDENTIFIER = co.vclon.TrueLoveFinder;
				PRODUCT_NAME = "$(TARGET_NAME)";
			};
			name = Debug;
		};
		045FFB691C3B710200F7B791 /* Release */ = {
			isa = XCBuildConfiguration;
			buildSettings = {
				ASSETCATALOG_COMPILER_APPICON_NAME = AppIcon;
				ENABLE_BITCODE = NO;
				FRAMEWORK_SEARCH_PATHS = (
					"$(inherited)",
					"$(PROJECT_DIR)",
				);
				INFOPLIST_FILE = TrueLoveFinder/Info.plist;
				LD_RUNPATH_SEARCH_PATHS = "$(inherited) @executable_path/Frameworks";
				PRODUCT_BUNDLE_IDENTIFIER = co.vclon.TrueLoveFinder;
				PRODUCT_NAME = "$(TARGET_NAME)";
			};
			name = Release;
		};
		045FFB6B1C3B710200F7B791 /* Debug */ = {
			isa = XCBuildConfiguration;
			buildSettings = {
				BUNDLE_LOADER = "$(TEST_HOST)";
				INFOPLIST_FILE = TrueLoveFinderTests/Info.plist;
				LD_RUNPATH_SEARCH_PATHS = "$(inherited) @executable_path/Frameworks @loader_path/Frameworks";
				PRODUCT_BUNDLE_IDENTIFIER = co.vclon.TrueLoveFinderTests;
				PRODUCT_NAME = "$(TARGET_NAME)";
				TEST_HOST = "$(BUILT_PRODUCTS_DIR)/TrueLoveFinder.app/TrueLoveFinder";
			};
			name = Debug;
		};
		045FFB6C1C3B710200F7B791 /* Release */ = {
			isa = XCBuildConfiguration;
			buildSettings = {
				BUNDLE_LOADER = "$(TEST_HOST)";
				INFOPLIST_FILE = TrueLoveFinderTests/Info.plist;
				LD_RUNPATH_SEARCH_PATHS = "$(inherited) @executable_path/Frameworks @loader_path/Frameworks";
				PRODUCT_BUNDLE_IDENTIFIER = co.vclon.TrueLoveFinderTests;
				PRODUCT_NAME = "$(TARGET_NAME)";
				TEST_HOST = "$(BUILT_PRODUCTS_DIR)/TrueLoveFinder.app/TrueLoveFinder";
			};
			name = Release;
		};
		045FFB6E1C3B710200F7B791 /* Debug */ = {
			isa = XCBuildConfiguration;
			buildSettings = {
				INFOPLIST_FILE = TrueLoveFinderUITests/Info.plist;
				LD_RUNPATH_SEARCH_PATHS = "$(inherited) @executable_path/Frameworks @loader_path/Frameworks";
				PRODUCT_BUNDLE_IDENTIFIER = co.vclon.TrueLoveFinderUITests;
				PRODUCT_NAME = "$(TARGET_NAME)";
				TEST_TARGET_NAME = TrueLoveFinder;
				USES_XCTRUNNER = YES;
			};
			name = Debug;
		};
		045FFB6F1C3B710200F7B791 /* Release */ = {
			isa = XCBuildConfiguration;
			buildSettings = {
				INFOPLIST_FILE = TrueLoveFinderUITests/Info.plist;
				LD_RUNPATH_SEARCH_PATHS = "$(inherited) @executable_path/Frameworks @loader_path/Frameworks";
				PRODUCT_BUNDLE_IDENTIFIER = co.vclon.TrueLoveFinderUITests;
				PRODUCT_NAME = "$(TARGET_NAME)";
				TEST_TARGET_NAME = TrueLoveFinder;
				USES_XCTRUNNER = YES;
			};
			name = Release;
		};
/* End XCBuildConfiguration section */

/* Begin XCConfigurationList section */
		045FFB321C3B710000F7B791 /* Build configuration list for PBXProject "TrueLoveFinder" */ = {
			isa = XCConfigurationList;
			buildConfigurations = (
				045FFB651C3B710200F7B791 /* Debug */,
				045FFB661C3B710200F7B791 /* Release */,
			);
			defaultConfigurationIsVisible = 0;
			defaultConfigurationName = Release;
		};
		045FFB671C3B710200F7B791 /* Build configuration list for PBXNativeTarget "TrueLoveFinder" */ = {
			isa = XCConfigurationList;
			buildConfigurations = (
				045FFB681C3B710200F7B791 /* Debug */,
				045FFB691C3B710200F7B791 /* Release */,
			);
			defaultConfigurationIsVisible = 0;
			defaultConfigurationName = Release;
		};
		045FFB6A1C3B710200F7B791 /* Build configuration list for PBXNativeTarget "TrueLoveFinderTests" */ = {
			isa = XCConfigurationList;
			buildConfigurations = (
				045FFB6B1C3B710200F7B791 /* Debug */,
				045FFB6C1C3B710200F7B791 /* Release */,
			);
			defaultConfigurationIsVisible = 0;
			defaultConfigurationName = Release;
		};
		045FFB6D1C3B710200F7B791 /* Build configuration list for PBXNativeTarget "TrueLoveFinderUITests" */ = {
			isa = XCConfigurationList;
			buildConfigurations = (
				045FFB6E1C3B710200F7B791 /* Debug */,
				045FFB6F1C3B710200F7B791 /* Release */,
			);
			defaultConfigurationIsVisible = 0;
			defaultConfigurationName = Release;
		};
/* End XCConfigurationList section */

/* Begin XCVersionGroup section */
		045FFB461C3B710100F7B791 /* TrueLoveFinder.xcdatamodeld */ = {
			isa = XCVersionGroup;
			children = (
				045FFB471C3B710100F7B791 /* TrueLoveFinder.xcdatamodel */,
			);
			currentVersion = 045FFB471C3B710100F7B791 /* TrueLoveFinder.xcdatamodel */;
			path = TrueLoveFinder.xcdatamodeld;
			sourceTree = "<group>";
			versionGroupType = wrapper.xcdatamodel;
		};
/* End XCVersionGroup section */
	};
	rootObject = 045FFB2F1C3B710000F7B791 /* Project object */;
}
